
Microsoft Visual Studio Solution File, Format Version 12.00
# Visual Studio Version 17
VisualStudioVersion = 17.7.34009.444
MinimumVisualStudioVersion = 10.0.40219.1
Project("{FAE04EC0-301F-11D3-BF4B-00C04F79EFBC}") = "ServiceApplikation", "ServiceApplikation\ServiceApplikation.csproj", "{5A2EDEAC-56E7-43F6-BC5B-83D00FF7250C}"
EndProject
Global
	GlobalSection(SolutionConfigurationPlatforms) = preSolution
		Debug|Any CPU = Debug|Any CPU
		Release|Any CPU = Release|Any CPU
	EndGlobalSection
	GlobalSection(ProjectConfigurationPlatforms) = postSolution
		{5A2EDEAC-56E7-43F6-BC5B-83D00FF7250C}.Debug|Any CPU.ActiveCfg = Debug|Any CPU
		{5A2EDEAC-56E7-43F6-BC5B-83D00FF7250C}.Debug|Any CPU.Build.0 = Debug|Any CPU
		{5A2EDEAC-56E7-43F6-BC5B-83D00FF7250C}.Release|Any CPU.ActiveCfg = Release|Any CPU
		{5A2EDEAC-56E7-43F6-BC5B-83D00FF7250C}.Release|Any CPU.Build.0 = Release|Any CPU
	EndGlobalSection
	GlobalSection(SolutionProperties) = preSolution
		HideSolutionNode = FALSE
	EndGlobalSection
	GlobalSection(ExtensibilityGlobals) = postSolution
		SolutionGuid = {EA0F0145-9BCC-4FE8-9516-5490510396FB}
	EndGlobalSection
EndGlobal
